
Microsoft Visual Studio Solution File, Format Version 12.00
# Visual Studio Version 17
VisualStudioVersion = 17.5.33516.290
MinimumVisualStudioVersion = 10.0.40219.1
Project("{FAE04EC0-301F-11D3-BF4B-00C04F79EFBC}") = "LANChat", "LANChat\LANChat.csproj", "{C22F3821-3B05-446B-8CF0-B5D98BC2E997}"
EndProject
Global
	GlobalSection(SolutionConfigurationPlatforms) = preSolution
		Debug|Any CPU = Debug|Any CPU
		Release|Any CPU = Release|Any CPU
	EndGlobalSection
	GlobalSection(ProjectConfigurationPlatforms) = postSolution
		{C22F3821-3B05-446B-8CF0-B5D98BC2E997}.Debug|Any CPU.ActiveCfg = Debug|Any CPU
		{C22F3821-3B05-446B-8CF0-B5D98BC2E997}.Debug|Any CPU.Build.0 = Debug|Any CPU
		{C22F3821-3B05-446B-8CF0-B5D98BC2E997}.Release|Any CPU.ActiveCfg = Release|Any CPU
		{C22F3821-3B05-446B-8CF0-B5D98BC2E997}.Release|Any CPU.Build.0 = Release|Any CPU
	EndGlobalSection
	GlobalSection(SolutionProperties) = preSolution
		HideSolutionNode = FALSE
	EndGlobalSection
	GlobalSection(ExtensibilityGlobals) = postSolution
		SolutionGuid = {34D2FCA4-321F-4129-BE1A-FD4CF0C049A2}
	EndGlobalSection
EndGlobal
